
Microsoft Visual Studio Solution File, Format Version 12.00
# Visual Studio Version 17
VisualStudioVersion = 17.2.32616.157
MinimumVisualStudioVersion = 10.0.40219.1
Project("{9A19103F-16F7-4668-BE54-9A1E7A4F7556}") = "CalculatorApp.Core", "CalculatorApp.Core\CalculatorApp.Core.csproj", "{2050C1E2-85F1-4E70-AFA2-5D2AED01E60F}"
EndProject
Project("{9A19103F-16F7-4668-BE54-9A1E7A4F7556}") = "CalculatorApp.Tests", "CalculatorApp.Tests\CalculatorApp.Tests.csproj", "{99F12ACC-7475-4D71-B3F6-B4A13865F246}"
EndProject
Project("{FAE04EC0-301F-11D3-BF4B-00C04F79EFBC}") = "CalculatorApp.Web.Server", "CalculatorApp.Web.Server\CalculatorApp.Web.Server.csproj", "{E13C141B-FAF8-420D-83C0-CB2183478722}"
EndProject
Global
	GlobalSection(SolutionConfigurationPlatforms) = preSolution
		Debug|Any CPU = Debug|Any CPU
		Release|Any CPU = Release|Any CPU
	EndGlobalSection
	GlobalSection(ProjectConfigurationPlatforms) = postSolution
		{2050C1E2-85F1-4E70-AFA2-5D2AED01E60F}.Debug|Any CPU.ActiveCfg = Debug|Any CPU
		{2050C1E2-85F1-4E70-AFA2-5D2AED01E60F}.Debug|Any CPU.Build.0 = Debug|Any CPU
		{2050C1E2-85F1-4E70-AFA2-5D2AED01E60F}.Release|Any CPU.ActiveCfg = Release|Any CPU
		{2050C1E2-85F1-4E70-AFA2-5D2AED01E60F}.Release|Any CPU.Build.0 = Release|Any CPU
		{99F12ACC-7475-4D71-B3F6-B4A13865F246}.Debug|Any CPU.ActiveCfg = Debug|Any CPU
		{99F12ACC-7475-4D71-B3F6-B4A13865F246}.Debug|Any CPU.Build.0 = Debug|Any CPU
		{99F12ACC-7475-4D71-B3F6-B4A13865F246}.Release|Any CPU.ActiveCfg = Release|Any CPU
		{99F12ACC-7475-4D71-B3F6-B4A13865F246}.Release|Any CPU.Build.0 = Release|Any CPU
		{E13C141B-FAF8-420D-83C0-CB2183478722}.Debug|Any CPU.ActiveCfg = Debug|Any CPU
		{E13C141B-FAF8-420D-83C0-CB2183478722}.Debug|Any CPU.Build.0 = Debug|Any CPU
		{E13C141B-FAF8-420D-83C0-CB2183478722}.Release|Any CPU.ActiveCfg = Release|Any CPU
		{E13C141B-FAF8-420D-83C0-CB2183478722}.Release|Any CPU.Build.0 = Release|Any CPU
	EndGlobalSection
	GlobalSection(SolutionProperties) = preSolution
		HideSolutionNode = FALSE
	EndGlobalSection
	GlobalSection(ExtensibilityGlobals) = postSolution
		SolutionGuid = {0CAEB0FC-F175-47F5-834F-844666A4E2BD}
	EndGlobalSection
EndGlobal
